
Microsoft Visual Studio Solution File, Format Version 12.00
# Visual Studio 14
VisualStudioVersion = 14.0.25123.0
MinimumVisualStudioVersion = 10.0.40219.1
Project("{FAE04EC0-301F-11D3-BF4B-00C04F79EFBC}") = "Filters", "Filters\Filters.csproj", "{C4922921-55A5-4244-8A02-6E953F9896FF}"
EndProject
Project("{FAE04EC0-301F-11D3-BF4B-00C04F79EFBC}") = "Filters.Tests", "Filters.Tests\Filters.Tests.csproj", "{A781BEB5-6B61-433A-AC45-30319CAD0F57}"
EndProject
Global
	GlobalSection(SolutionConfigurationPlatforms) = preSolution
		Debug|Any CPU = Debug|Any CPU
		Release|Any CPU = Release|Any CPU
	EndGlobalSection
	GlobalSection(ProjectConfigurationPlatforms) = postSolution
		{C4922921-55A5-4244-8A02-6E953F9896FF}.Debug|Any CPU.ActiveCfg = Debug|Any CPU
		{C4922921-55A5-4244-8A02-6E953F9896FF}.Debug|Any CPU.Build.0 = Debug|Any CPU
		{C4922921-55A5-4244-8A02-6E953F9896FF}.Release|Any CPU.ActiveCfg = Release|Any CPU
		{C4922921-55A5-4244-8A02-6E953F9896FF}.Release|Any CPU.Build.0 = Release|Any CPU
		{A781BEB5-6B61-433A-AC45-30319CAD0F57}.Debug|Any CPU.ActiveCfg = Debug|Any CPU
		{A781BEB5-6B61-433A-AC45-30319CAD0F57}.Debug|Any CPU.Build.0 = Debug|Any CPU
		{A781BEB5-6B61-433A-AC45-30319CAD0F57}.Release|Any CPU.ActiveCfg = Release|Any CPU
		{A781BEB5-6B61-433A-AC45-30319CAD0F57}.Release|Any CPU.Build.0 = Release|Any CPU
	EndGlobalSection
	GlobalSection(SolutionProperties) = preSolution
		HideSolutionNode = FALSE
	EndGlobalSection
EndGlobal
